
Microsoft Visual Studio Solution File, Format Version 12.00
# Visual Studio 14
VisualStudioVersion = 14.0.25123.0
MinimumVisualStudioVersion = 10.0.40219.1
Project("{FAE04EC0-301F-11D3-BF4B-00C04F79EFBC}") = "DeveloperDashboard", "DeveloperDashboard\DeveloperDashboard.csproj", "{F7A23F74-CD2E-4684-971A-1002B549A0E8}"
EndProject
Project("{FAE04EC0-301F-11D3-BF4B-00C04F79EFBC}") = "DeveloperDashboard.Tests", "DeveloperDashboard.Tests\DeveloperDashboard.Tests.csproj", "{53BEE44D-4940-4ED9-A707-FF76BD2A39D1}"
EndProject
Project("{2150E333-8FDC-42A3-9474-1A3956D46DE8}") = "PublishScripts", "PublishScripts", "{81085AFE-8059-4142-BDC1-F11CA8D09B15}"
EndProject
Project("{2150E333-8FDC-42A3-9474-1A3956D46DE8}") = "Scripts", "Scripts", "{CC72E937-3E37-4F58-A6FC-F56EAF1365C3}"
	ProjectSection(SolutionItems) = preProject
		PublishScripts\Scripts\Deploy-AzureResourceGroup.ps1 = PublishScripts\Scripts\Deploy-AzureResourceGroup.ps1
	EndProjectSection
EndProject
Project("{2150E333-8FDC-42A3-9474-1A3956D46DE8}") = "Templates", "Templates", "{857E2841-A41B-4F72-B068-673147A06B42}"
	ProjectSection(SolutionItems) = preProject
		PublishScripts\Templates\DeveloperDashboard.json = PublishScripts\Templates\DeveloperDashboard.json
		PublishScripts\Templates\DeveloperDashboard.param.dev.json = PublishScripts\Templates\DeveloperDashboard.param.dev.json
	EndProjectSection
EndProject
Global
	GlobalSection(SolutionConfigurationPlatforms) = preSolution
		Debug|Any CPU = Debug|Any CPU
		Release|Any CPU = Release|Any CPU
	EndGlobalSection
	GlobalSection(ProjectConfigurationPlatforms) = postSolution
		{F7A23F74-CD2E-4684-971A-1002B549A0E8}.Debug|Any CPU.ActiveCfg = Debug|Any CPU
		{F7A23F74-CD2E-4684-971A-1002B549A0E8}.Debug|Any CPU.Build.0 = Debug|Any CPU
		{F7A23F74-CD2E-4684-971A-1002B549A0E8}.Release|Any CPU.ActiveCfg = Release|Any CPU
		{F7A23F74-CD2E-4684-971A-1002B549A0E8}.Release|Any CPU.Build.0 = Release|Any CPU
		{53BEE44D-4940-4ED9-A707-FF76BD2A39D1}.Debug|Any CPU.ActiveCfg = Debug|Any CPU
		{53BEE44D-4940-4ED9-A707-FF76BD2A39D1}.Debug|Any CPU.Build.0 = Debug|Any CPU
		{53BEE44D-4940-4ED9-A707-FF76BD2A39D1}.Release|Any CPU.ActiveCfg = Release|Any CPU
		{53BEE44D-4940-4ED9-A707-FF76BD2A39D1}.Release|Any CPU.Build.0 = Release|Any CPU
	EndGlobalSection
	GlobalSection(SolutionProperties) = preSolution
		HideSolutionNode = FALSE
	EndGlobalSection
	GlobalSection(NestedProjects) = preSolution
		{CC72E937-3E37-4F58-A6FC-F56EAF1365C3} = {81085AFE-8059-4142-BDC1-F11CA8D09B15}
		{857E2841-A41B-4F72-B068-673147A06B42} = {81085AFE-8059-4142-BDC1-F11CA8D09B15}
	EndGlobalSection
EndGlobal
